# This file is generated by running "yarn install" inside your project.
# Manual changes might be lost - proceed with caution!

__metadata:
  version: 4
  cacheKey: 8

"enhanced-resolve@npm:^5.7.0":
  version: 5.7.0
  resolution: "enhanced-resolve@npm:5.7.0"
  dependencies:
    graceful-fs: ^4.2.4
    tapable: ^2.2.0
  checksum: 91916405697c04512e4f29cf0f0dcf10b03751f7b6f51fda72661ddc5c79779d404335f933caa202f5e81f00944fe3a1cf180cc6b53fdaff2c9ce9d0f310f704
  languageName: node
  linkType: hard

"graceful-fs@npm:^4.2.4":
  version: 4.2.6
  resolution: "graceful-fs@npm:4.2.6"
  checksum: 792e64aafda05a151289f83eaa16aff34ef259658cefd65393883d959409f5a2389b0ec9ebf28f3d21f1b0ddc8f594a1162ae9b18e2b507a6799a70706ec573d
  languageName: node
  linkType: hard

"js-tokens@npm:^3.0.0 || ^4.0.0":
  version: 4.0.0
  resolution: "js-tokens@npm:4.0.0"
  checksum: 8a95213a5a77deb6cbe94d86340e8d9ace2b93bc367790b260101d2f36a2eaf4e4e22d9fa9cf459b38af3a32fb4190e638024cf82ec95ef708680e405ea7cc78
  languageName: node
  linkType: hard

"loose-envify@npm:^1.1.0, loose-envify@npm:^1.4.0":
  version: 1.4.0
  resolution: "loose-envify@npm:1.4.0"
  dependencies:
    js-tokens: ^3.0.0 || ^4.0.0
  bin:
    loose-envify: cli.js
  checksum: 6517e24e0cad87ec9888f500c5b5947032cdfe6ef65e1c1936a0c48a524b81e65542c9c3edc91c97d5bddc806ee2a985dbc79be89215d613b1de5db6d1cfe6f4
  languageName: node
  linkType: hard

"my-linked-package@portal:../yarn1-nm-project/my-linked-package::locator=yarn2-pnp-project%40workspace%3A.":
  version: 0.0.0-use.local
  resolution: "my-linked-package@portal:../yarn1-nm-project/my-linked-package::locator=yarn2-pnp-project%40workspace%3A."
  peerDependencies:
    react: ~16.8.0
    react-dom: ~16.8.0
  languageName: node
  linkType: soft

"object-assign@npm:^4.1.1":
  version: 4.1.1
  resolution: "object-assign@npm:4.1.1"
  checksum: fcc6e4ea8c7fe48abfbb552578b1c53e0d194086e2e6bbbf59e0a536381a292f39943c6e9628af05b5528aa5e3318bb30d6b2e53cadaf5b8fe9e12c4b69af23f
  languageName: node
  linkType: hard

"prop-types@npm:^15.6.2":
  version: 15.7.2
  resolution: "prop-types@npm:15.7.2"
  dependencies:
    loose-envify: ^1.4.0
    object-assign: ^4.1.1
    react-is: ^16.8.1
  checksum: 5eef82fdda64252c7e75aa5c8cc28a24bbdece0f540adb60ce67c205cf978a5bd56b83e4f269f91c6e4dcfd80b36f2a2dec24d362e278913db2086ca9c6f9430
  languageName: node
  linkType: hard

"react-dom@npm:~16.8.0":
  version: 16.8.6
  resolution: "react-dom@npm:16.8.6"
  dependencies:
    loose-envify: ^1.1.0
    object-assign: ^4.1.1
    prop-types: ^15.6.2
    scheduler: ^0.13.6
  peerDependencies:
    react: ^16.0.0
  checksum: 7f8ebd8523eb4a14a1439efa009d020abc0529da25d0de251a4f3d5b3781061f6b30d72425f5fe944317850997efc6c1d667e99b1fd70172f30a976a00008bf6
  languageName: node
  linkType: hard

"react-is@npm:^16.8.1":
  version: 16.13.1
  resolution: "react-is@npm:16.13.1"
  checksum: f7a19ac3496de32ca9ae12aa030f00f14a3d45374f1ceca0af707c831b2a6098ef0d6bdae51bd437b0a306d7f01d4677fcc8de7c0d331eb47ad0f46130e53c5f
  languageName: node
  linkType: hard

"react@npm:~16.8.0":
  version: 16.8.6
  resolution: "react@npm:16.8.6"
  dependencies:
    loose-envify: ^1.1.0
    object-assign: ^4.1.1
    prop-types: ^15.6.2
    scheduler: ^0.13.6
  checksum: 8dfdbec9af6999c2cfb33a9389995c6401daba732e1ee7e0a4920d28fd2e8e6b0fde99dfe4b8e2f81efc4a962c92656e3e79e221323449e55850232163f15ff4
  languageName: node
  linkType: hard

"scheduler@npm:^0.13.6":
  version: 0.13.6
  resolution: "scheduler@npm:0.13.6"
  dependencies:
    loose-envify: ^1.1.0
    object-assign: ^4.1.1
  checksum: c82c705f6d0d6df87b26bf2cca33f427e91889438c0435ade3ee7f41860eda4dd7f3171ca2d93e8fe9431f3bd831ca0e267a401a0296e4b14de05e389f82d320
  languageName: node
  linkType: hard

"tapable@npm:^2.2.0":
  version: 2.2.0
  resolution: "tapable@npm:2.2.0"
  checksum: 5a7e31ddd2400d524b68e7ba0373e492ba52b321b8e1eb15b65956e9c1b9ba90dd175210a1318b6752538cbe3b284f4a7218a714be942aeeb812623c243aea25
  languageName: node
  linkType: hard

"yarn2-pnp-project@workspace:.":
  version: 0.0.0-use.local
  resolution: "yarn2-pnp-project@workspace:."
  dependencies:
    enhanced-resolve: ^5.7.0
    my-linked-package: "*"
    react: ~16.8.0
    react-dom: ~16.8.0
  languageName: unknown
  linkType: soft
