# This file is generated by running "yarn install" inside your project.
# Manual changes might be lost - proceed with caution!

__metadata:
  version: 4
  cacheKey: 8

"@types/eslint-scope@npm:^3.7.0":
  version: 3.7.0
  resolution: "@types/eslint-scope@npm:3.7.0"
  dependencies:
    "@types/eslint": "*"
    "@types/estree": "*"
  checksum: 86b54f375259fe97955660b08215895b38769cd5c054d6120ded129ee94d36115d7e3bca31ca61bddcd8fc7bd168bc6fb74ccf25521c9744d9e47682c047d876
  languageName: node
  linkType: hard

"@types/eslint@npm:*":
  version: 7.2.8
  resolution: "@types/eslint@npm:7.2.8"
  dependencies:
    "@types/estree": "*"
    "@types/json-schema": "*"
  checksum: 0227e13182d70a6833e11d12c405453cd8cbc47a902ae29c0c7883cf0c9cec146aa0a666826d6dcbeaff1131f26986d744536c980de32f5c11c5e6008fb47d42
  languageName: node
  linkType: hard

"@types/estree@npm:*":
  version: 0.0.47
  resolution: "@types/estree@npm:0.0.47"
  checksum: aed5c940436250c25c5e140aa19e7199ba3452e72e1aecc515621507df9e5ed5076ddba84a1684c36d62be841ff3e2bafce8793f16fe6f69d10884449d4461e7
  languageName: node
  linkType: hard

"@types/estree@npm:^0.0.46":
  version: 0.0.46
  resolution: "@types/estree@npm:0.0.46"
  checksum: 620f7549c8cf99fe1c91a943a42ae2684c18f6007dc1bd6a439a2bf3204022ab746ffb3be5244c70d43a822beeb3c948216be1a69cb25e79005daeca4ebe5722
  languageName: node
  linkType: hard

"@types/json-schema@npm:*, @types/json-schema@npm:^7.0.6":
  version: 7.0.7
  resolution: "@types/json-schema@npm:7.0.7"
  checksum: ea3b409235862d28122751158f4054e729e31ad844bd7b8b23868f38c518047b1c0e8e4e7cc293e02c31a2fb8cfc8a4506c2de2a745cf78b218e064fb8898cd4
  languageName: node
  linkType: hard

"@types/node@npm:*":
  version: 14.14.37
  resolution: "@types/node@npm:14.14.37"
  checksum: 647e671ac3815f428a07ae9353ebab93c5335d4d0a461ca837a79eebf55c04f28bee80f0c43881cdd8696f595feb112bc8eb74f6124125e02f79a7677374c187
  languageName: node
  linkType: hard

"@webassemblyjs/ast@npm:1.11.0":
  version: 1.11.0
  resolution: "@webassemblyjs/ast@npm:1.11.0"
  dependencies:
    "@webassemblyjs/helper-numbers": 1.11.0
    "@webassemblyjs/helper-wasm-bytecode": 1.11.0
  checksum: ee81d1a40d04da516e82296db366be8236acb7ef26b86877723cfd0a23e8c9579895beb523be1491f06f06db2bccdf6102ea99099fcdd41ab17f236524b8e747
  languageName: node
  linkType: hard

"@webassemblyjs/floating-point-hex-parser@npm:1.11.0":
  version: 1.11.0
  resolution: "@webassemblyjs/floating-point-hex-parser@npm:1.11.0"
  checksum: bcfbf90a1e23217c4f5200a1d20226f07b2ef5adddea1f0ed7729c04efec8445ec1bc9e57a2f29480ea80e25a50c6b3d46ebb90cd776de8ffbbb648d4235e332
  languageName: node
  linkType: hard

"@webassemblyjs/helper-api-error@npm:1.11.0":
  version: 1.11.0
  resolution: "@webassemblyjs/helper-api-error@npm:1.11.0"
  checksum: d606eef863c028ba872afe706ad56acc5cdcae568f90c74a6159c063dfa4c199a41f81b17a2bf02a31c059a68d6acc115a020109e09d0dfa77f639dd5a45815a
  languageName: node
  linkType: hard

"@webassemblyjs/helper-buffer@npm:1.11.0":
  version: 1.11.0
  resolution: "@webassemblyjs/helper-buffer@npm:1.11.0"
  checksum: cce45295e533a83db0fd9a31e2f94d679a835c88765eca18922a0c6d5fddbcb515ee11f53c7867e17220c647f748bbd0e30af717086361b1f121cfd4ccd7ab9c
  languageName: node
  linkType: hard

"@webassemblyjs/helper-numbers@npm:1.11.0":
  version: 1.11.0
  resolution: "@webassemblyjs/helper-numbers@npm:1.11.0"
  dependencies:
    "@webassemblyjs/floating-point-hex-parser": 1.11.0
    "@webassemblyjs/helper-api-error": 1.11.0
    "@xtuc/long": 4.2.2
  checksum: 66f20c755b2df23064128109c13178a9c24beac76278c1f36561ef87ce16cf3d92fc29e677921d86a952cc6bda5fb7d527947663bb21bd092932ce05ca278044
  languageName: node
  linkType: hard

"@webassemblyjs/helper-wasm-bytecode@npm:1.11.0":
  version: 1.11.0
  resolution: "@webassemblyjs/helper-wasm-bytecode@npm:1.11.0"
  checksum: 0110bfa3755886ea402b86256ce98a9106d0349672e0528c5da27c7672479a4d885458e231591cb0a99c1b07a93c5d046a86fdcbf0c9245c0ade11a9b3a4d772
  languageName: node
  linkType: hard

"@webassemblyjs/helper-wasm-section@npm:1.11.0":
  version: 1.11.0
  resolution: "@webassemblyjs/helper-wasm-section@npm:1.11.0"
  dependencies:
    "@webassemblyjs/ast": 1.11.0
    "@webassemblyjs/helper-buffer": 1.11.0
    "@webassemblyjs/helper-wasm-bytecode": 1.11.0
    "@webassemblyjs/wasm-gen": 1.11.0
  checksum: 54153a703dfc18884a301f75bd29af58177ba890e0a0ca57561cd1d7553a18875a46966f546054e15de6c7280ce30cc9e63c6986bad6093583e188c08168b4b6
  languageName: node
  linkType: hard

"@webassemblyjs/ieee754@npm:1.11.0":
  version: 1.11.0
  resolution: "@webassemblyjs/ieee754@npm:1.11.0"
  dependencies:
    "@xtuc/ieee754": ^1.2.0
  checksum: c4dbd174263b98ef4d18ce3200a08094e7d4e66ba703cf3cd8a581d5676648e2e182e370437a64a1a7b770f2956782f9e67ab980833f0d123752a3b7c4fa9248
  languageName: node
  linkType: hard

"@webassemblyjs/leb128@npm:1.11.0":
  version: 1.11.0
  resolution: "@webassemblyjs/leb128@npm:1.11.0"
  dependencies:
    "@xtuc/long": 4.2.2
  checksum: 0d5f977d600da64d448dda84df99f6b6e0c2773eb30f5b4e5bb733f12da56377acec1cc275979973277d6caf8bef90d29e3ba7442674c9e5a107b010ce267864
  languageName: node
  linkType: hard

"@webassemblyjs/utf8@npm:1.11.0":
  version: 1.11.0
  resolution: "@webassemblyjs/utf8@npm:1.11.0"
  checksum: 6e7d2024cdfb6104fdc9865d5f4a1c3212fde96b8fe229375e1b9034929f0b5587d644ca095005cc1a8b3a4d00030581f9d3a9a1fd53c05ed74d77f178ee1de0
  languageName: node
  linkType: hard

"@webassemblyjs/wasm-edit@npm:1.11.0":
  version: 1.11.0
  resolution: "@webassemblyjs/wasm-edit@npm:1.11.0"
  dependencies:
    "@webassemblyjs/ast": 1.11.0
    "@webassemblyjs/helper-buffer": 1.11.0
    "@webassemblyjs/helper-wasm-bytecode": 1.11.0
    "@webassemblyjs/helper-wasm-section": 1.11.0
    "@webassemblyjs/wasm-gen": 1.11.0
    "@webassemblyjs/wasm-opt": 1.11.0
    "@webassemblyjs/wasm-parser": 1.11.0
    "@webassemblyjs/wast-printer": 1.11.0
  checksum: 9ca4c3ff9abdb9648fc1039f8dcf600f7017a270724ce7751f125b49d19daae4731b95dfd14e4c077b09a7ab7c0105fa5820dc1ded3bdc0257509d5e3d6d6b27
  languageName: node
  linkType: hard

"@webassemblyjs/wasm-gen@npm:1.11.0":
  version: 1.11.0
  resolution: "@webassemblyjs/wasm-gen@npm:1.11.0"
  dependencies:
    "@webassemblyjs/ast": 1.11.0
    "@webassemblyjs/helper-wasm-bytecode": 1.11.0
    "@webassemblyjs/ieee754": 1.11.0
    "@webassemblyjs/leb128": 1.11.0
    "@webassemblyjs/utf8": 1.11.0
  checksum: 678e2b8ee3e13ebcd7794c78379ab95501e4c8499b4d4b669bd9a780f3c34aecace7690d09adb0df7cc531ce8bfd28fdfad72df05c57a779c67595caafbc55ee
  languageName: node
  linkType: hard

"@webassemblyjs/wasm-opt@npm:1.11.0":
  version: 1.11.0
  resolution: "@webassemblyjs/wasm-opt@npm:1.11.0"
  dependencies:
    "@webassemblyjs/ast": 1.11.0
    "@webassemblyjs/helper-buffer": 1.11.0
    "@webassemblyjs/wasm-gen": 1.11.0
    "@webassemblyjs/wasm-parser": 1.11.0
  checksum: 7f0e5ed309b7c9983f45deacb583a2508de418f8819a36782859bfe7ceabd2dc1a521c24129319ec10f03940c1ae20352c2dbcefe86561d9fae1246ee292c6c2
  languageName: node
  linkType: hard

"@webassemblyjs/wasm-parser@npm:1.11.0":
  version: 1.11.0
  resolution: "@webassemblyjs/wasm-parser@npm:1.11.0"
  dependencies:
    "@webassemblyjs/ast": 1.11.0
    "@webassemblyjs/helper-api-error": 1.11.0
    "@webassemblyjs/helper-wasm-bytecode": 1.11.0
    "@webassemblyjs/ieee754": 1.11.0
    "@webassemblyjs/leb128": 1.11.0
    "@webassemblyjs/utf8": 1.11.0
  checksum: cd861066c9fdd16a9b8c920aa6f27039e200f4d06aff35b438c1acc3e22ec81af26bacd1467f563edb7e00bf00d473ed12dc6d481089c61dc4e01f58e416a7d7
  languageName: node
  linkType: hard

"@webassemblyjs/wast-printer@npm:1.11.0":
  version: 1.11.0
  resolution: "@webassemblyjs/wast-printer@npm:1.11.0"
  dependencies:
    "@webassemblyjs/ast": 1.11.0
    "@xtuc/long": 4.2.2
  checksum: 5462cf6c7ffb4082464c7238497064d067f1421648a5f9fa784d04223a876a9b41cbd95106e899326840aad36fea0b7a39cad264b5c73df8c7fc2bca6313fd74
  languageName: node
  linkType: hard

"@xtuc/ieee754@npm:^1.2.0":
  version: 1.2.0
  resolution: "@xtuc/ieee754@npm:1.2.0"
  checksum: ac56d4ca6e17790f1b1677f978c0c6808b1900a5b138885d3da21732f62e30e8f0d9120fcf8f6edfff5100ca902b46f8dd7c1e3f903728634523981e80e2885a
  languageName: node
  linkType: hard

"@xtuc/long@npm:4.2.2":
  version: 4.2.2
  resolution: "@xtuc/long@npm:4.2.2"
  checksum: 8ed0d477ce3bc9c6fe2bf6a6a2cc316bb9c4127c5a7827bae947fa8ec34c7092395c5a283cc300c05b5fa01cbbfa1f938f410a7bf75db7c7846fea41949989ec
  languageName: node
  linkType: hard

"acorn@npm:^8.0.4":
  version: 8.1.0
  resolution: "acorn@npm:8.1.0"
  bin:
    acorn: bin/acorn
  checksum: 71ce276f632451bc691719f3cf6e866405fa2e94dd26cbdfb9efd05d6aacba5fcdd44722eceea4b29052e40ae34965628d9c9db686ed88b6cc9240c939e0e221
  languageName: node
  linkType: hard

"ajv-keywords@npm:^3.5.2":
  version: 3.5.2
  resolution: "ajv-keywords@npm:3.5.2"
  peerDependencies:
    ajv: ^6.9.1
  checksum: 7dc5e5931677a680589050f79dcbe1fefbb8fea38a955af03724229139175b433c63c68f7ae5f86cf8f65d55eb7c25f75a046723e2e58296707617ca690feae9
  languageName: node
  linkType: hard

"ajv@npm:^6.12.5":
  version: 6.12.6
  resolution: "ajv@npm:6.12.6"
  dependencies:
    fast-deep-equal: ^3.1.1
    fast-json-stable-stringify: ^2.0.0
    json-schema-traverse: ^0.4.1
    uri-js: ^4.2.2
  checksum: 874972efe5c4202ab0a68379481fbd3d1b5d0a7bd6d3cc21d40d3536ebff3352a2a1fabb632d4fd2cc7fe4cbdcd5ed6782084c9bbf7f32a1536d18f9da5007d4
  languageName: node
  linkType: hard

"browserslist@npm:^4.14.5":
  version: 4.16.3
  resolution: "browserslist@npm:4.16.3"
  dependencies:
    caniuse-lite: ^1.0.30001181
    colorette: ^1.2.1
    electron-to-chromium: ^1.3.649
    escalade: ^3.1.1
    node-releases: ^1.1.70
  bin:
    browserslist: cli.js
  checksum: 8016901f6d13b9600487167068031745db4a13aaefff2fdc3db1a413e67f17ff73ce7db3f2217676e68e6a476844e5a30c82e2b22e7bfe342aaa8894a92aa146
  languageName: node
  linkType: hard

"buffer-from@npm:^1.0.0":
  version: 1.1.1
  resolution: "buffer-from@npm:1.1.1"
  checksum: ccc53b69736008bff764497367c4d24879ba7122bc619ee499ff47eef3a5b885ca496e87272e7ebffa0bec3804c83f84041c616f6e3318f40624e27c1d80f045
  languageName: node
  linkType: hard

"caniuse-lite@npm:^1.0.30001181":
  version: 1.0.30001205
  resolution: "caniuse-lite@npm:1.0.30001205"
  checksum: 518d32fd99ebabda0c604f912a650089209a8ba150dda2f940e9349822d83430d3c2e38d4a839ce91ace831a7706747e0b2e8ebd2cdb8f236dec746953abcb34
  languageName: node
  linkType: hard

"chrome-trace-event@npm:^1.0.2":
  version: 1.0.2
  resolution: "chrome-trace-event@npm:1.0.2"
  dependencies:
    tslib: ^1.9.0
  checksum: a104606fd07e6191848fa15d4031ac41c1715d025074574bdbb27d998a20d75d860a2060a5aca840bfbf97ec2ef6b72df9b387ed4109a8fc6eb5c362477c9294
  languageName: node
  linkType: hard

"colorette@npm:^1.2.1":
  version: 1.2.2
  resolution: "colorette@npm:1.2.2"
  checksum: 69fec14ddaedd0f5b00e4bae40dc4bc61f7050ebdc82983a595d6fd64e650b9dc3c033fff378775683138e992e0ddd8717ac7c7cec4d089679dcfbe3cd921b04
  languageName: node
  linkType: hard

"commander@npm:^2.20.0":
  version: 2.20.3
  resolution: "commander@npm:2.20.3"
  checksum: ab8c07884e42c3a8dbc5dd9592c606176c7eb5c1ca5ff274bcf907039b2c41de3626f684ea75ccf4d361ba004bbaff1f577d5384c155f3871e456bdf27becf9e
  languageName: node
  linkType: hard

"electron-to-chromium@npm:^1.3.649":
  version: 1.3.703
  resolution: "electron-to-chromium@npm:1.3.703"
  checksum: e9f45b81d342a786060185c74666cfcc65bddfdf6df4ac8147d9d99d520fe7f19cdd9c5a960b60e77bc091716b40c6b9ea802eaa2e6b25dc3527f44714aea176
  languageName: node
  linkType: hard

"enhanced-resolve@npm:^5.7.0":
  version: 5.7.0
  resolution: "enhanced-resolve@npm:5.7.0"
  dependencies:
    graceful-fs: ^4.2.4
    tapable: ^2.2.0
  checksum: 91916405697c04512e4f29cf0f0dcf10b03751f7b6f51fda72661ddc5c79779d404335f933caa202f5e81f00944fe3a1cf180cc6b53fdaff2c9ce9d0f310f704
  languageName: node
  linkType: hard

"es-module-lexer@npm:^0.4.0":
  version: 0.4.1
  resolution: "es-module-lexer@npm:0.4.1"
  checksum: c33ee30390812df875e419783cf37f3a32b73daabbb1f8a08fe9282fe0777b0a8064a219a34a253cb954b3308bbd4227e17da9e8ec253d309a83b4c90b2e9388
  languageName: node
  linkType: hard

"escalade@npm:^3.1.1":
  version: 3.1.1
  resolution: "escalade@npm:3.1.1"
  checksum: a3e2a99f07acb74b3ad4989c48ca0c3140f69f923e56d0cba0526240ee470b91010f9d39001f2a4a313841d237ede70a729e92125191ba5d21e74b106800b133
  languageName: node
  linkType: hard

"eslint-scope@npm:^5.1.1":
  version: 5.1.1
  resolution: "eslint-scope@npm:5.1.1"
  dependencies:
    esrecurse: ^4.3.0
    estraverse: ^4.1.1
  checksum: 47e4b6a3f0cc29c7feedee6c67b225a2da7e155802c6ea13bbef4ac6b9e10c66cd2dcb987867ef176292bf4e64eccc680a49e35e9e9c669f4a02bac17e86abdb
  languageName: node
  linkType: hard

"esrecurse@npm:^4.3.0":
  version: 4.3.0
  resolution: "esrecurse@npm:4.3.0"
  dependencies:
    estraverse: ^5.2.0
  checksum: ebc17b1a33c51cef46fdc28b958994b1dc43cd2e86237515cbc3b4e5d2be6a811b2315d0a1a4d9d340b6d2308b15322f5c8291059521cc5f4802f65e7ec32837
  languageName: node
  linkType: hard

"estraverse@npm:^4.1.1":
  version: 4.3.0
  resolution: "estraverse@npm:4.3.0"
  checksum: a6299491f9940bb246124a8d44b7b7a413a8336f5436f9837aaa9330209bd9ee8af7e91a654a3545aee9c54b3308e78ee360cef1d777d37cfef77d2fa33b5827
  languageName: node
  linkType: hard

"estraverse@npm:^5.2.0":
  version: 5.2.0
  resolution: "estraverse@npm:5.2.0"
  checksum: ec11b70d946bf5d7f76f91db38ef6f08109ac1b36cda293a26e678e58df4719f57f67b9ec87042afdd1f0267cee91865be3aa48d2161765a93defab5431be7b8
  languageName: node
  linkType: hard

"events@npm:^3.2.0":
  version: 3.3.0
  resolution: "events@npm:3.3.0"
  checksum: f6f487ad2198aa41d878fa31452f1a3c00958f46e9019286ff4787c84aac329332ab45c9cdc8c445928fc6d7ded294b9e005a7fce9426488518017831b272780
  languageName: node
  linkType: hard

"fast-deep-equal@npm:^3.1.1":
  version: 3.1.3
  resolution: "fast-deep-equal@npm:3.1.3"
  checksum: e21a9d8d84f53493b6aa15efc9cfd53dd5b714a1f23f67fb5dc8f574af80df889b3bce25dc081887c6d25457cce704e636395333abad896ccdec03abaf1f3f9d
  languageName: node
  linkType: hard

"fast-json-stable-stringify@npm:^2.0.0":
  version: 2.1.0
  resolution: "fast-json-stable-stringify@npm:2.1.0"
  checksum: b191531e36c607977e5b1c47811158733c34ccb3bfde92c44798929e9b4154884378536d26ad90dfecd32e1ffc09c545d23535ad91b3161a27ddbb8ebe0cbecb
  languageName: node
  linkType: hard

"glob-to-regexp@npm:^0.4.1":
  version: 0.4.1
  resolution: "glob-to-regexp@npm:0.4.1"
  checksum: e795f4e8f06d2a15e86f76e4d92751cf8bbfcf0157cea5c2f0f35678a8195a750b34096b1256e436f0cebc1883b5ff0888c47348443e69546a5a87f9e1eb1167
  languageName: node
  linkType: hard

"graceful-fs@npm:^4.1.2, graceful-fs@npm:^4.2.4":
  version: 4.2.6
  resolution: "graceful-fs@npm:4.2.6"
  checksum: 792e64aafda05a151289f83eaa16aff34ef259658cefd65393883d959409f5a2389b0ec9ebf28f3d21f1b0ddc8f594a1162ae9b18e2b507a6799a70706ec573d
  languageName: node
  linkType: hard

"has-flag@npm:^4.0.0":
  version: 4.0.0
  resolution: "has-flag@npm:4.0.0"
  checksum: 261a1357037ead75e338156b1f9452c016a37dcd3283a972a30d9e4a87441ba372c8b81f818cd0fbcd9c0354b4ae7e18b9e1afa1971164aef6d18c2b6095a8ad
  languageName: node
  linkType: hard

"jest-worker@npm:^26.6.2":
  version: 26.6.2
  resolution: "jest-worker@npm:26.6.2"
  dependencies:
    "@types/node": "*"
    merge-stream: ^2.0.0
    supports-color: ^7.0.0
  checksum: f9afa3b88e3f12027901e4964ba3ff048285b5783b5225cab28fac25b4058cea8ad54001e9a1577ee2bed125fac3ccf5c80dc507b120300cc1bbcb368796533e
  languageName: node
  linkType: hard

"js-tokens@npm:^3.0.0 || ^4.0.0":
  version: 4.0.0
  resolution: "js-tokens@npm:4.0.0"
  checksum: 8a95213a5a77deb6cbe94d86340e8d9ace2b93bc367790b260101d2f36a2eaf4e4e22d9fa9cf459b38af3a32fb4190e638024cf82ec95ef708680e405ea7cc78
  languageName: node
  linkType: hard

"json-parse-better-errors@npm:^1.0.2":
  version: 1.0.2
  resolution: "json-parse-better-errors@npm:1.0.2"
  checksum: ff2b5ba2a70e88fd97a3cb28c1840144c5ce8fae9cbeeddba15afa333a5c407cf0e42300cd0a2885dbb055227fe68d405070faad941beeffbfde9cf3b2c78c5d
  languageName: node
  linkType: hard

"json-schema-traverse@npm:^0.4.1":
  version: 0.4.1
  resolution: "json-schema-traverse@npm:0.4.1"
  checksum: 7486074d3ba247769fda17d5181b345c9fb7d12e0da98b22d1d71a5db9698d8b4bd900a3ec1a4ffdd60846fc2556274a5c894d0c48795f14cb03aeae7b55260b
  languageName: node
  linkType: hard

"loader-runner@npm:^4.2.0":
  version: 4.2.0
  resolution: "loader-runner@npm:4.2.0"
  checksum: e61aea8b6904b8af53d9de6f0484da86c462c0001f4511bedc837cec63deb9475cea813db62f702cd7930420ccb0e75c78112270ca5c8b61b374294f53c0cb3a
  languageName: node
  linkType: hard

"loose-envify@npm:^1.1.0, loose-envify@npm:^1.4.0":
  version: 1.4.0
  resolution: "loose-envify@npm:1.4.0"
  dependencies:
    js-tokens: ^3.0.0 || ^4.0.0
  bin:
    loose-envify: cli.js
  checksum: 6517e24e0cad87ec9888f500c5b5947032cdfe6ef65e1c1936a0c48a524b81e65542c9c3edc91c97d5bddc806ee2a985dbc79be89215d613b1de5db6d1cfe6f4
  languageName: node
  linkType: hard

"merge-stream@npm:^2.0.0":
  version: 2.0.0
  resolution: "merge-stream@npm:2.0.0"
  checksum: 6fa4dcc8d86629705cea944a4b88ef4cb0e07656ebf223fa287443256414283dd25d91c1cd84c77987f2aec5927af1a9db6085757cb43d90eb170ebf4b47f4f4
  languageName: node
  linkType: hard

"mime-db@npm:1.46.0":
  version: 1.46.0
  resolution: "mime-db@npm:1.46.0"
  checksum: 4d2412c64c120af322a2c58f26319bc375a38238e233b819a5cead16aa7e24bea812c94ffe39b1caec9fc7acdf36d126feb7e9f87b5f8fae59a435ec78bd7397
  languageName: node
  linkType: hard

"mime-types@npm:^2.1.27":
  version: 2.1.29
  resolution: "mime-types@npm:2.1.29"
  dependencies:
    mime-db: 1.46.0
  checksum: 7be1e8e46fde2c82bf3a2ed0d51cfe2f1a5ad3198e8d784c60917090ffe4ca4cc846456d99521d08d55d28fff41348df81e285c04d3cbad2b3d3d9f5374e795e
  languageName: node
  linkType: hard

"my-linked-package@portal:../yarn1-nm-project/my-linked-package::locator=yarn2-pnp-project%40workspace%3A.":
  version: 0.0.0-use.local
  resolution: "my-linked-package@portal:../yarn1-nm-project/my-linked-package::locator=yarn2-pnp-project%40workspace%3A."
  peerDependencies:
    react: ~16.8.0
    react-dom: ~16.8.0
  languageName: node
  linkType: soft

"neo-async@npm:^2.6.2":
  version: 2.6.2
  resolution: "neo-async@npm:2.6.2"
  checksum: deac9f8d00eda7b2e5cd1b2549e26e10a0faa70adaa6fdadca701cc55f49ee9018e427f424bac0c790b7c7e2d3068db97f3093f1093975f2acb8f8818b936ed9
  languageName: node
  linkType: hard

"node-releases@npm:^1.1.70":
  version: 1.1.71
  resolution: "node-releases@npm:1.1.71"
  checksum: a6ab18069e43d70b811fa7f12b397619f2003f78ac2ed0affa30876880ca3036a191d33679d93baac166afa12a7b1b1716e13f3c82c0f0fa09e2c83db3f91faf
  languageName: node
  linkType: hard

"object-assign@npm:^4.1.1":
  version: 4.1.1
  resolution: "object-assign@npm:4.1.1"
  checksum: fcc6e4ea8c7fe48abfbb552578b1c53e0d194086e2e6bbbf59e0a536381a292f39943c6e9628af05b5528aa5e3318bb30d6b2e53cadaf5b8fe9e12c4b69af23f
  languageName: node
  linkType: hard

"p-limit@npm:^3.1.0":
  version: 3.1.0
  resolution: "p-limit@npm:3.1.0"
  dependencies:
    yocto-queue: ^0.1.0
  checksum: 7c3690c4dbf62ef625671e20b7bdf1cbc9534e83352a2780f165b0d3ceba21907e77ad63401708145ca4e25bfc51636588d89a8c0aeb715e6c37d1c066430360
  languageName: node
  linkType: hard

"prop-types@npm:^15.6.2":
  version: 15.7.2
  resolution: "prop-types@npm:15.7.2"
  dependencies:
    loose-envify: ^1.4.0
    object-assign: ^4.1.1
    react-is: ^16.8.1
  checksum: 5eef82fdda64252c7e75aa5c8cc28a24bbdece0f540adb60ce67c205cf978a5bd56b83e4f269f91c6e4dcfd80b36f2a2dec24d362e278913db2086ca9c6f9430
  languageName: node
  linkType: hard

"punycode@npm:^2.1.0":
  version: 2.1.1
  resolution: "punycode@npm:2.1.1"
  checksum: 823bf443c6dd14f669984dea25757b37993f67e8d94698996064035edd43bed8a5a17a9f12e439c2b35df1078c6bec05a6c86e336209eb1061e8025c481168e8
  languageName: node
  linkType: hard

"randombytes@npm:^2.1.0":
  version: 2.1.0
  resolution: "randombytes@npm:2.1.0"
  dependencies:
    safe-buffer: ^5.1.0
  checksum: d779499376bd4cbb435ef3ab9a957006c8682f343f14089ed5f27764e4645114196e75b7f6abf1cbd84fd247c0cb0651698444df8c9bf30e62120fbbc52269d6
  languageName: node
  linkType: hard

"react-dom@npm:~16.8.0":
  version: 16.8.6
  resolution: "react-dom@npm:16.8.6"
  dependencies:
    loose-envify: ^1.1.0
    object-assign: ^4.1.1
    prop-types: ^15.6.2
    scheduler: ^0.13.6
  peerDependencies:
    react: ^16.0.0
  checksum: 7f8ebd8523eb4a14a1439efa009d020abc0529da25d0de251a4f3d5b3781061f6b30d72425f5fe944317850997efc6c1d667e99b1fd70172f30a976a00008bf6
  languageName: node
  linkType: hard

"react-is@npm:^16.8.1":
  version: 16.13.1
  resolution: "react-is@npm:16.13.1"
  checksum: f7a19ac3496de32ca9ae12aa030f00f14a3d45374f1ceca0af707c831b2a6098ef0d6bdae51bd437b0a306d7f01d4677fcc8de7c0d331eb47ad0f46130e53c5f
  languageName: node
  linkType: hard

"react@npm:~16.8.0":
  version: 16.8.6
  resolution: "react@npm:16.8.6"
  dependencies:
    loose-envify: ^1.1.0
    object-assign: ^4.1.1
    prop-types: ^15.6.2
    scheduler: ^0.13.6
  checksum: 8dfdbec9af6999c2cfb33a9389995c6401daba732e1ee7e0a4920d28fd2e8e6b0fde99dfe4b8e2f81efc4a962c92656e3e79e221323449e55850232163f15ff4
  languageName: node
  linkType: hard

"safe-buffer@npm:^5.1.0":
  version: 5.2.1
  resolution: "safe-buffer@npm:5.2.1"
  checksum: b99c4b41fdd67a6aaf280fcd05e9ffb0813654894223afb78a31f14a19ad220bba8aba1cb14eddce1fcfb037155fe6de4e861784eb434f7d11ed58d1e70dd491
  languageName: node
  linkType: hard

"scheduler@npm:^0.13.6":
  version: 0.13.6
  resolution: "scheduler@npm:0.13.6"
  dependencies:
    loose-envify: ^1.1.0
    object-assign: ^4.1.1
  checksum: c82c705f6d0d6df87b26bf2cca33f427e91889438c0435ade3ee7f41860eda4dd7f3171ca2d93e8fe9431f3bd831ca0e267a401a0296e4b14de05e389f82d320
  languageName: node
  linkType: hard

"schema-utils@npm:^3.0.0":
  version: 3.0.0
  resolution: "schema-utils@npm:3.0.0"
  dependencies:
    "@types/json-schema": ^7.0.6
    ajv: ^6.12.5
    ajv-keywords: ^3.5.2
  checksum: 56dc93b4f6abe91aa2b76b2c656610cc6d491297f4e6866340bc7b6b226b521a2969ab2498cd9e6c59eda670b730a9c8695404ca56c08643c3b95c5e174588c8
  languageName: node
  linkType: hard

"serialize-javascript@npm:^5.0.1":
  version: 5.0.1
  resolution: "serialize-javascript@npm:5.0.1"
  dependencies:
    randombytes: ^2.1.0
  checksum: bb45a427690c3d2711e28499de0fbf25036af1e23c63c6a9237ed0aa572fd0941fcdefe50a2dccf26d9df8c8b86ae38659e19d8ba7afd3fbc1f1c7539a2a48d2
  languageName: node
  linkType: hard

"source-list-map@npm:^2.0.1":
  version: 2.0.1
  resolution: "source-list-map@npm:2.0.1"
  checksum: 806efc6f75e7cd31e4815e7a3aaf75a45c704871ea4075cb2eb49882c6fca28998f44fc5ac91adb6de03b2882ee6fb02f951fdc85e6a22b338c32bfe19557938
  languageName: node
  linkType: hard

"source-map-support@npm:~0.5.19":
  version: 0.5.19
  resolution: "source-map-support@npm:0.5.19"
  dependencies:
    buffer-from: ^1.0.0
    source-map: ^0.6.0
  checksum: c72802fdba9cb62b92baef18cc14cc4047608b77f0353e6c36dd993444149a466a2845332c5540d4a6630957254f0f68f4ef5a0120c33d2e83974c51a05afbac
  languageName: node
  linkType: hard

"source-map@npm:^0.6.0, source-map@npm:^0.6.1":
  version: 0.6.1
  resolution: "source-map@npm:0.6.1"
  checksum: 59ce8640cf3f3124f64ac289012c2b8bd377c238e316fb323ea22fbfe83da07d81e000071d7242cad7a23cd91c7de98e4df8830ec3f133cb6133a5f6e9f67bc2
  languageName: node
  linkType: hard

"source-map@npm:~0.7.2":
  version: 0.7.3
  resolution: "source-map@npm:0.7.3"
  checksum: cd24efb3b8fa69b64bf28e3c1b1a500de77e84260c5b7f2b873f88284df17974157cc88d386ee9b6d081f08fdd8242f3fc05c953685a6ad81aad94c7393dedea
  languageName: node
  linkType: hard

"supports-color@npm:^7.0.0":
  version: 7.2.0
  resolution: "supports-color@npm:7.2.0"
  dependencies:
    has-flag: ^4.0.0
  checksum: 3dda818de06ebbe5b9653e07842d9479f3555ebc77e9a0280caf5a14fb877ffee9ed57007c3b78f5a6324b8dbeec648d9e97a24e2ed9fdb81ddc69ea07100f4a
  languageName: node
  linkType: hard

"tapable@npm:^2.1.1, tapable@npm:^2.2.0":
  version: 2.2.0
  resolution: "tapable@npm:2.2.0"
  checksum: 5a7e31ddd2400d524b68e7ba0373e492ba52b321b8e1eb15b65956e9c1b9ba90dd175210a1318b6752538cbe3b284f4a7218a714be942aeeb812623c243aea25
  languageName: node
  linkType: hard

"terser-webpack-plugin@npm:^5.1.1":
  version: 5.1.1
  resolution: "terser-webpack-plugin@npm:5.1.1"
  dependencies:
    jest-worker: ^26.6.2
    p-limit: ^3.1.0
    schema-utils: ^3.0.0
    serialize-javascript: ^5.0.1
    source-map: ^0.6.1
    terser: ^5.5.1
  peerDependencies:
    webpack: ^5.1.0
  checksum: 4b3dbd353022400dba04a5c695f2746dc513f22a4673fee22945821e209948c8cfc6068d2bffc06f3159a1b86cf7f5bd9e4df6d581feebde0bfbd24d2f813d32
  languageName: node
  linkType: hard

"terser@npm:^5.5.1":
  version: 5.6.1
  resolution: "terser@npm:5.6.1"
  dependencies:
    commander: ^2.20.0
    source-map: ~0.7.2
    source-map-support: ~0.5.19
  bin:
    terser: bin/terser
  checksum: b15c655c941ccb930665b2ce0054460d2e94a92b31d7ebf82ae3ccd30b747e1d3bdc252ee870ab6f1ab6713f68b2888347919cd681e3e4dd88b6b76b149fd666
  languageName: node
  linkType: hard

"tslib@npm:^1.9.0":
  version: 1.14.1
  resolution: "tslib@npm:1.14.1"
  checksum: dbe628ef87f66691d5d2959b3e41b9ca0045c3ee3c7c7b906cc1e328b39f199bb1ad9e671c39025bd56122ac57dfbf7385a94843b1cc07c60a4db74795829acd
  languageName: node
  linkType: hard

"uri-js@npm:^4.2.2":
  version: 4.4.1
  resolution: "uri-js@npm:4.4.1"
  dependencies:
    punycode: ^2.1.0
  checksum: 7167432de6817fe8e9e0c9684f1d2de2bb688c94388f7569f7dbdb1587c9f4ca2a77962f134ec90be0cc4d004c939ff0d05acc9f34a0db39a3c797dada262633
  languageName: node
  linkType: hard

"watchpack@npm:^2.0.0":
  version: 2.1.1
  resolution: "watchpack@npm:2.1.1"
  dependencies:
    glob-to-regexp: ^0.4.1
    graceful-fs: ^4.1.2
  checksum: 4a2d7ed1b441814b232db9c065beaee40ad0e37f77279331d663fa950b6b1926210a8dfa6009dc806b248f15d48826c9c6ce1a7fd6e6c94178d13c6c0a33f32c
  languageName: node
  linkType: hard

"webpack-sources@npm:^2.1.1":
  version: 2.2.0
  resolution: "webpack-sources@npm:2.2.0"
  dependencies:
    source-list-map: ^2.0.1
    source-map: ^0.6.1
  checksum: 8276fd6c90039d1e08acc51d53d5aa6efac43b5bec9dad878cb5ec7b336c93d25599f1675a354183ab31358a060421feda6f8e56f4453e53502c81b081fda102
  languageName: node
  linkType: hard

"webpack@npm:^5.28.0":
  version: 5.28.0
  resolution: "webpack@npm:5.28.0"
  dependencies:
    "@types/eslint-scope": ^3.7.0
    "@types/estree": ^0.0.46
    "@webassemblyjs/ast": 1.11.0
    "@webassemblyjs/wasm-edit": 1.11.0
    "@webassemblyjs/wasm-parser": 1.11.0
    acorn: ^8.0.4
    browserslist: ^4.14.5
    chrome-trace-event: ^1.0.2
    enhanced-resolve: ^5.7.0
    es-module-lexer: ^0.4.0
    eslint-scope: ^5.1.1
    events: ^3.2.0
    glob-to-regexp: ^0.4.1
    graceful-fs: ^4.2.4
    json-parse-better-errors: ^1.0.2
    loader-runner: ^4.2.0
    mime-types: ^2.1.27
    neo-async: ^2.6.2
    schema-utils: ^3.0.0
    tapable: ^2.1.1
    terser-webpack-plugin: ^5.1.1
    watchpack: ^2.0.0
    webpack-sources: ^2.1.1
  peerDependenciesMeta:
    webpack-cli:
      optional: true
  bin:
    webpack: bin/webpack.js
  checksum: 328377204175d69eef4d3e1d5a75949637f0c8b3a48a4a9e60a901d0a8c58e81013bce76f063c1e6c449be29ff24ec56bb235131a2d13a70a7b3d821f50e50a1
  languageName: node
  linkType: hard

"yarn2-pnp-project@workspace:.":
  version: 0.0.0-use.local
  resolution: "yarn2-pnp-project@workspace:."
  dependencies:
    my-linked-package: "*"
    react: ~16.8.0
    react-dom: ~16.8.0
    webpack: ^5.28.0
  languageName: unknown
  linkType: soft

"yocto-queue@npm:^0.1.0":
  version: 0.1.0
  resolution: "yocto-queue@npm:0.1.0"
  checksum: f77b3d8d00310def622123df93d4ee654fc6a0096182af8bd60679ddcdfb3474c56c6c7190817c84a2785648cdee9d721c0154eb45698c62176c322fb46fc700
  languageName: node
  linkType: hard
